
Microsoft Visual Studio Solution File, Format Version 12.00
# Visual Studio Version 17
VisualStudioVersion = 17.14.36301.6 d17.14
MinimumVisualStudioVersion = 10.0.40219.1
Project("{FAE04EC0-301F-11D3-BF4B-00C04F79EFBC}") = "PoloTecnologicoApi", "PoloTecnologicoApi.csproj", "{7CACA322-5815-49DA-9D7D-0C797551E18B}"
EndProject
Global
	GlobalSection(SolutionConfigurationPlatforms) = preSolution
		Debug|Any CPU = Debug|Any CPU
		Release|Any CPU = Release|Any CPU
	EndGlobalSection
	GlobalSection(ProjectConfigurationPlatforms) = postSolution
		{7CACA322-5815-49DA-9D7D-0C797551E18B}.Debug|Any CPU.ActiveCfg = Debug|Any CPU
		{7CACA322-5815-49DA-9D7D-0C797551E18B}.Debug|Any CPU.Build.0 = Debug|Any CPU
		{7CACA322-5815-49DA-9D7D-0C797551E18B}.Release|Any CPU.ActiveCfg = Release|Any CPU
		{7CACA322-5815-49DA-9D7D-0C797551E18B}.Release|Any CPU.Build.0 = Release|Any CPU
	EndGlobalSection
	GlobalSection(SolutionProperties) = preSolution
		HideSolutionNode = FALSE
	EndGlobalSection
	GlobalSection(ExtensibilityGlobals) = postSolution
		SolutionGuid = {4FDE933F-BBF6-4F9B-BB86-C001EFC64FC5}
	EndGlobalSection
EndGlobal
